
Microsoft Visual Studio Solution File, Format Version 12.00
# Visual Studio Version 17
VisualStudioVersion = 17.7.34221.43
MinimumVisualStudioVersion = 10.0.40219.1
Project("{9A19103F-16F7-4668-BE54-9A1E7A4F7556}") = "EasyCashIdentityProjectEntityLayer", "EasyCashIdentityProjectEntityLayer\EasyCashIdentityProjectEntityLayer.csproj", "{20CD2881-BDBA-496A-8EC2-A2549D0676FF}"
EndProject
Project("{9A19103F-16F7-4668-BE54-9A1E7A4F7556}") = "EasyCashIdentityProjectDataAccessLayer", "EasyCashIdentityProjectDataAccessLayer\EasyCashIdentityProjectDataAccessLayer.csproj", "{8E5F27CE-3833-4068-9E71-3FB493078254}"
EndProject
Project("{9A19103F-16F7-4668-BE54-9A1E7A4F7556}") = "EasyCashIdentityProjectBusinessLayer", "EasyCashIdentityProjectBusinessLayer\EasyCashIdentityProjectBusinessLayer.csproj", "{C444016E-032D-4530-A70B-13F967687EFA}"
EndProject
Project("{9A19103F-16F7-4668-BE54-9A1E7A4F7556}") = "EasyCashIdentityProjectDtoLayer", "EasyCashIdentityProject.DtoLayer\EasyCashIdentityProjectDtoLayer.csproj", "{786F754F-8174-4AE4-990F-908FEA27E686}"
EndProject
Project("{9A19103F-16F7-4668-BE54-9A1E7A4F7556}") = "EasyCashIdentityProject.PresentationLayer", "EasyCashIdentityProject.PresentationLayer\EasyCashIdentityProject.PresentationLayer.csproj", "{41D053BD-3529-41A8-8423-EBB1A6D57AA0}"
EndProject
Global
	GlobalSection(SolutionConfigurationPlatforms) = preSolution
		Debug|Any CPU = Debug|Any CPU
		Release|Any CPU = Release|Any CPU
	EndGlobalSection
	GlobalSection(ProjectConfigurationPlatforms) = postSolution
		{20CD2881-BDBA-496A-8EC2-A2549D0676FF}.Debug|Any CPU.ActiveCfg = Debug|Any CPU
		{20CD2881-BDBA-496A-8EC2-A2549D0676FF}.Debug|Any CPU.Build.0 = Debug|Any CPU
		{20CD2881-BDBA-496A-8EC2-A2549D0676FF}.Release|Any CPU.ActiveCfg = Release|Any CPU
		{20CD2881-BDBA-496A-8EC2-A2549D0676FF}.Release|Any CPU.Build.0 = Release|Any CPU
		{8E5F27CE-3833-4068-9E71-3FB493078254}.Debug|Any CPU.ActiveCfg = Debug|Any CPU
		{8E5F27CE-3833-4068-9E71-3FB493078254}.Debug|Any CPU.Build.0 = Debug|Any CPU
		{8E5F27CE-3833-4068-9E71-3FB493078254}.Release|Any CPU.ActiveCfg = Release|Any CPU
		{8E5F27CE-3833-4068-9E71-3FB493078254}.Release|Any CPU.Build.0 = Release|Any CPU
		{C444016E-032D-4530-A70B-13F967687EFA}.Debug|Any CPU.ActiveCfg = Debug|Any CPU
		{C444016E-032D-4530-A70B-13F967687EFA}.Debug|Any CPU.Build.0 = Debug|Any CPU
		{C444016E-032D-4530-A70B-13F967687EFA}.Release|Any CPU.ActiveCfg = Release|Any CPU
		{C444016E-032D-4530-A70B-13F967687EFA}.Release|Any CPU.Build.0 = Release|Any CPU
		{786F754F-8174-4AE4-990F-908FEA27E686}.Debug|Any CPU.ActiveCfg = Debug|Any CPU
		{786F754F-8174-4AE4-990F-908FEA27E686}.Debug|Any CPU.Build.0 = Debug|Any CPU
		{786F754F-8174-4AE4-990F-908FEA27E686}.Release|Any CPU.ActiveCfg = Release|Any CPU
		{786F754F-8174-4AE4-990F-908FEA27E686}.Release|Any CPU.Build.0 = Release|Any CPU
		{41D053BD-3529-41A8-8423-EBB1A6D57AA0}.Debug|Any CPU.ActiveCfg = Debug|Any CPU
		{41D053BD-3529-41A8-8423-EBB1A6D57AA0}.Debug|Any CPU.Build.0 = Debug|Any CPU
		{41D053BD-3529-41A8-8423-EBB1A6D57AA0}.Release|Any CPU.ActiveCfg = Release|Any CPU
		{41D053BD-3529-41A8-8423-EBB1A6D57AA0}.Release|Any CPU.Build.0 = Release|Any CPU
	EndGlobalSection
	GlobalSection(SolutionProperties) = preSolution
		HideSolutionNode = FALSE
	EndGlobalSection
	GlobalSection(ExtensibilityGlobals) = postSolution
		SolutionGuid = {0386AD97-F4BF-488F-9533-D4B891328822}
	EndGlobalSection
EndGlobal
